
Microsoft Visual Studio Solution File, Format Version 12.00
# Visual Studio Version 16
VisualStudioVersion = 16.0.32106.194
MinimumVisualStudioVersion = 10.0.40219.1
Project("{8BC9CEB8-8B4A-11D0-8D11-00A0C91BC942}") = "List0101", "List0101\List0101.vcxproj", "{FC727735-8174-4B73-829D-D650C4EF034D}"
EndProject
Project("{8BC9CEB8-8B4A-11D0-8D11-00A0C91BC942}") = "List0102", "List0102\List0102.vcxproj", "{490D5EF4-2F10-463E-B758-3C81706BB8AF}"
EndProject
Project("{8BC9CEB8-8B4A-11D0-8D11-00A0C91BC942}") = "List0103", "List0103\List0103.vcxproj", "{0F729082-4D97-4CCB-A630-D9D7F1D3D67E}"
EndProject
Project("{8BC9CEB8-8B4A-11D0-8D11-00A0C91BC942}") = "List0104", "list0104.c\list0104.c.vcxproj", "{387E975F-9C97-46CF-90DC-199EA5EFD7F5}"
EndProject
Project("{8BC9CEB8-8B4A-11D0-8D11-00A0C91BC942}") = "List0105", "List0105\List0105.vcxproj", "{30B28B97-A998-4B3D-9E02-E5F7A8635A69}"
EndProject
Project("{8BC9CEB8-8B4A-11D0-8D11-00A0C91BC942}") = "List0106", "List0106\List0106.vcxproj", "{ABAE98B3-D82F-4E7C-BDE3-A27B3397C84D}"
EndProject
Project("{8BC9CEB8-8B4A-11D0-8D11-00A0C91BC942}") = "Ex0102", "Exercise0102\Exercise0102.vcxproj", "{B5BF3892-3ED8-4F7F-AB9B-4A887B1B2804}"
EndProject
Project("{8BC9CEB8-8B4A-11D0-8D11-00A0C91BC942}") = "Ex0103", "Exercise0103\Exercise0103.vcxproj", "{0A946A34-094B-4104-9091-459185FF7294}"
EndProject
Project("{8BC9CEB8-8B4A-11D0-8D11-00A0C91BC942}") = "List0108", "List0108\List0108.vcxproj", "{EECF7E53-8231-42EF-B6C3-E9E9B7E0F0DB}"
EndProject
Project("{8BC9CEB8-8B4A-11D0-8D11-00A0C91BC942}") = "List0109", "List0109\List0109.vcxproj", "{7D283E16-2F21-47D1-B10C-CCF9012B2E53}"
EndProject
Project("{8BC9CEB8-8B4A-11D0-8D11-00A0C91BC942}") = "List0110", "List0110\List0110.vcxproj", "{F2820C68-B32E-4F1E-9A9F-BE1EE0BE4C62}"
EndProject
Project("{8BC9CEB8-8B4A-11D0-8D11-00A0C91BC942}") = "Ex0104", "Ex0104\Ex0104.vcxproj", "{51DBDA76-3AF3-4253-A2CE-87725F83EF85}"
EndProject
Project("{8BC9CEB8-8B4A-11D0-8D11-00A0C91BC942}") = "List0111", "List0111\List0111.vcxproj", "{AE7FCD85-6018-485A-ACB6-1210839035B7}"
EndProject
Project("{8BC9CEB8-8B4A-11D0-8D11-00A0C91BC942}") = "List0112", "List0112\List0112.vcxproj", "{DC0C154E-B240-40D5-B2BE-E020DC936C71}"
EndProject
Project("{8BC9CEB8-8B4A-11D0-8D11-00A0C91BC942}") = "List0114", "List0114\List0114.vcxproj", "{88A48556-13E5-4B32-A874-93936DC48116}"
EndProject
Project("{8BC9CEB8-8B4A-11D0-8D11-00A0C91BC942}") = "Ex0107", "Ex0107\Ex0107.vcxproj", "{D2692680-A13D-47AF-9C3E-E010F9C40B2C}"
EndProject
Project("{8BC9CEB8-8B4A-11D0-8D11-00A0C91BC942}") = "Ex0108", "Ex0108\Ex0108.vcxproj", "{30645FB5-4B51-4F0C-B3F3-5A1804CA92A0}"
EndProject
Project("{8BC9CEB8-8B4A-11D0-8D11-00A0C91BC942}") = "Ex0109", "Ex0115\Ex0115.vcxproj", "{F97E4447-0909-420A-9565-6C15C4820134}"
EndProject
Global
	GlobalSection(SolutionConfigurationPlatforms) = preSolution
		Debug|x64 = Debug|x64
		Debug|x86 = Debug|x86
		Release|x64 = Release|x64
		Release|x86 = Release|x86
	EndGlobalSection
	GlobalSection(ProjectConfigurationPlatforms) = postSolution
		{FC727735-8174-4B73-829D-D650C4EF034D}.Debug|x64.ActiveCfg = Debug|x64
		{FC727735-8174-4B73-829D-D650C4EF034D}.Debug|x64.Build.0 = Debug|x64
		{FC727735-8174-4B73-829D-D650C4EF034D}.Debug|x86.ActiveCfg = Debug|Win32
		{FC727735-8174-4B73-829D-D650C4EF034D}.Debug|x86.Build.0 = Debug|Win32
		{FC727735-8174-4B73-829D-D650C4EF034D}.Release|x64.ActiveCfg = Release|x64
		{FC727735-8174-4B73-829D-D650C4EF034D}.Release|x64.Build.0 = Release|x64
		{FC727735-8174-4B73-829D-D650C4EF034D}.Release|x86.ActiveCfg = Release|Win32
		{FC727735-8174-4B73-829D-D650C4EF034D}.Release|x86.Build.0 = Release|Win32
		{490D5EF4-2F10-463E-B758-3C81706BB8AF}.Debug|x64.ActiveCfg = Debug|x64
		{490D5EF4-2F10-463E-B758-3C81706BB8AF}.Debug|x64.Build.0 = Debug|x64
		{490D5EF4-2F10-463E-B758-3C81706BB8AF}.Debug|x86.ActiveCfg = Debug|Win32
		{490D5EF4-2F10-463E-B758-3C81706BB8AF}.Debug|x86.Build.0 = Debug|Win32
		{490D5EF4-2F10-463E-B758-3C81706BB8AF}.Release|x64.ActiveCfg = Release|x64
		{490D5EF4-2F10-463E-B758-3C81706BB8AF}.Release|x64.Build.0 = Release|x64
		{490D5EF4-2F10-463E-B758-3C81706BB8AF}.Release|x86.ActiveCfg = Release|Win32
		{490D5EF4-2F10-463E-B758-3C81706BB8AF}.Release|x86.Build.0 = Release|Win32
		{0F729082-4D97-4CCB-A630-D9D7F1D3D67E}.Debug|x64.ActiveCfg = Debug|x64
		{0F729082-4D97-4CCB-A630-D9D7F1D3D67E}.Debug|x64.Build.0 = Debug|x64
		{0F729082-4D97-4CCB-A630-D9D7F1D3D67E}.Debug|x86.ActiveCfg = Debug|Win32
		{0F729082-4D97-4CCB-A630-D9D7F1D3D67E}.Debug|x86.Build.0 = Debug|Win32
		{0F729082-4D97-4CCB-A630-D9D7F1D3D67E}.Release|x64.ActiveCfg = Release|x64
		{0F729082-4D97-4CCB-A630-D9D7F1D3D67E}.Release|x64.Build.0 = Release|x64
		{0F729082-4D97-4CCB-A630-D9D7F1D3D67E}.Release|x86.ActiveCfg = Release|Win32
		{0F729082-4D97-4CCB-A630-D9D7F1D3D67E}.Release|x86.Build.0 = Release|Win32
		{387E975F-9C97-46CF-90DC-199EA5EFD7F5}.Debug|x64.ActiveCfg = Debug|x64
		{387E975F-9C97-46CF-90DC-199EA5EFD7F5}.Debug|x64.Build.0 = Debug|x64
		{387E975F-9C97-46CF-90DC-199EA5EFD7F5}.Debug|x86.ActiveCfg = Debug|Win32
		{387E975F-9C97-46CF-90DC-199EA5EFD7F5}.Debug|x86.Build.0 = Debug|Win32
		{387E975F-9C97-46CF-90DC-199EA5EFD7F5}.Release|x64.ActiveCfg = Release|x64
		{387E975F-9C97-46CF-90DC-199EA5EFD7F5}.Release|x64.Build.0 = Release|x64
		{387E975F-9C97-46CF-90DC-199EA5EFD7F5}.Release|x86.ActiveCfg = Release|Win32
		{387E975F-9C97-46CF-90DC-199EA5EFD7F5}.Release|x86.Build.0 = Release|Win32
		{30B28B97-A998-4B3D-9E02-E5F7A8635A69}.Debug|x64.ActiveCfg = Debug|x64
		{30B28B97-A998-4B3D-9E02-E5F7A8635A69}.Debug|x64.Build.0 = Debug|x64
		{30B28B97-A998-4B3D-9E02-E5F7A8635A69}.Debug|x86.ActiveCfg = Debug|Win32
		{30B28B97-A998-4B3D-9E02-E5F7A8635A69}.Debug|x86.Build.0 = Debug|Win32
		{30B28B97-A998-4B3D-9E02-E5F7A8635A69}.Release|x64.ActiveCfg = Release|x64
		{30B28B97-A998-4B3D-9E02-E5F7A8635A69}.Release|x64.Build.0 = Release|x64
		{30B28B97-A998-4B3D-9E02-E5F7A8635A69}.Release|x86.ActiveCfg = Release|Win32
		{30B28B97-A998-4B3D-9E02-E5F7A8635A69}.Release|x86.Build.0 = Release|Win32
		{ABAE98B3-D82F-4E7C-BDE3-A27B3397C84D}.Debug|x64.ActiveCfg = Debug|x64
		{ABAE98B3-D82F-4E7C-BDE3-A27B3397C84D}.Debug|x64.Build.0 = Debug|x64
		{ABAE98B3-D82F-4E7C-BDE3-A27B3397C84D}.Debug|x86.ActiveCfg = Debug|Win32
		{ABAE98B3-D82F-4E7C-BDE3-A27B3397C84D}.Debug|x86.Build.0 = Debug|Win32
		{ABAE98B3-D82F-4E7C-BDE3-A27B3397C84D}.Release|x64.ActiveCfg = Release|x64
		{ABAE98B3-D82F-4E7C-BDE3-A27B3397C84D}.Release|x64.Build.0 = Release|x64
		{ABAE98B3-D82F-4E7C-BDE3-A27B3397C84D}.Release|x86.ActiveCfg = Release|Win32
		{ABAE98B3-D82F-4E7C-BDE3-A27B3397C84D}.Release|x86.Build.0 = Release|Win32
		{B5BF3892-3ED8-4F7F-AB9B-4A887B1B2804}.Debug|x64.ActiveCfg = Debug|x64
		{B5BF3892-3ED8-4F7F-AB9B-4A887B1B2804}.Debug|x64.Build.0 = Debug|x64
		{B5BF3892-3ED8-4F7F-AB9B-4A887B1B2804}.Debug|x86.ActiveCfg = Debug|Win32
		{B5BF3892-3ED8-4F7F-AB9B-4A887B1B2804}.Debug|x86.Build.0 = Debug|Win32
		{B5BF3892-3ED8-4F7F-AB9B-4A887B1B2804}.Release|x64.ActiveCfg = Release|x64
		{B5BF3892-3ED8-4F7F-AB9B-4A887B1B2804}.Release|x64.Build.0 = Release|x64
		{B5BF3892-3ED8-4F7F-AB9B-4A887B1B2804}.Release|x86.ActiveCfg = Release|Win32
		{B5BF3892-3ED8-4F7F-AB9B-4A887B1B2804}.Release|x86.Build.0 = Release|Win32
		{0A946A34-094B-4104-9091-459185FF7294}.Debug|x64.ActiveCfg = Debug|x64
		{0A946A34-094B-4104-9091-459185FF7294}.Debug|x64.Build.0 = Debug|x64
		{0A946A34-094B-4104-9091-459185FF7294}.Debug|x86.ActiveCfg = Debug|Win32
		{0A946A34-094B-4104-9091-459185FF7294}.Debug|x86.Build.0 = Debug|Win32
		{0A946A34-094B-4104-9091-459185FF7294}.Release|x64.ActiveCfg = Release|x64
		{0A946A34-094B-4104-9091-459185FF7294}.Release|x64.Build.0 = Release|x64
		{0A946A34-094B-4104-9091-459185FF7294}.Release|x86.ActiveCfg = Release|Win32
		{0A946A34-094B-4104-9091-459185FF7294}.Release|x86.Build.0 = Release|Win32
		{EECF7E53-8231-42EF-B6C3-E9E9B7E0F0DB}.Debug|x64.ActiveCfg = Debug|x64
		{EECF7E53-8231-42EF-B6C3-E9E9B7E0F0DB}.Debug|x64.Build.0 = Debug|x64
		{EECF7E53-8231-42EF-B6C3-E9E9B7E0F0DB}.Debug|x86.ActiveCfg = Debug|Win32
		{EECF7E53-8231-42EF-B6C3-E9E9B7E0F0DB}.Debug|x86.Build.0 = Debug|Win32
		{EECF7E53-8231-42EF-B6C3-E9E9B7E0F0DB}.Release|x64.ActiveCfg = Release|x64
		{EECF7E53-8231-42EF-B6C3-E9E9B7E0F0DB}.Release|x64.Build.0 = Release|x64
		{EECF7E53-8231-42EF-B6C3-E9E9B7E0F0DB}.Release|x86.ActiveCfg = Release|Win32
		{EECF7E53-8231-42EF-B6C3-E9E9B7E0F0DB}.Release|x86.Build.0 = Release|Win32
		{7D283E16-2F21-47D1-B10C-CCF9012B2E53}.Debug|x64.ActiveCfg = Debug|x64
		{7D283E16-2F21-47D1-B10C-CCF9012B2E53}.Debug|x64.Build.0 = Debug|x64
		{7D283E16-2F21-47D1-B10C-CCF9012B2E53}.Debug|x86.ActiveCfg = Debug|Win32
		{7D283E16-2F21-47D1-B10C-CCF9012B2E53}.Debug|x86.Build.0 = Debug|Win32
		{7D283E16-2F21-47D1-B10C-CCF9012B2E53}.Release|x64.ActiveCfg = Release|x64
		{7D283E16-2F21-47D1-B10C-CCF9012B2E53}.Release|x64.Build.0 = Release|x64
		{7D283E16-2F21-47D1-B10C-CCF9012B2E53}.Release|x86.ActiveCfg = Release|Win32
		{7D283E16-2F21-47D1-B10C-CCF9012B2E53}.Release|x86.Build.0 = Release|Win32
		{F2820C68-B32E-4F1E-9A9F-BE1EE0BE4C62}.Debug|x64.ActiveCfg = Debug|x64
		{F2820C68-B32E-4F1E-9A9F-BE1EE0BE4C62}.Debug|x64.Build.0 = Debug|x64
		{F2820C68-B32E-4F1E-9A9F-BE1EE0BE4C62}.Debug|x86.ActiveCfg = Debug|Win32
		{F2820C68-B32E-4F1E-9A9F-BE1EE0BE4C62}.Debug|x86.Build.0 = Debug|Win32
		{F2820C68-B32E-4F1E-9A9F-BE1EE0BE4C62}.Release|x64.ActiveCfg = Release|x64
		{F2820C68-B32E-4F1E-9A9F-BE1EE0BE4C62}.Release|x64.Build.0 = Release|x64
		{F2820C68-B32E-4F1E-9A9F-BE1EE0BE4C62}.Release|x86.ActiveCfg = Release|Win32
		{F2820C68-B32E-4F1E-9A9F-BE1EE0BE4C62}.Release|x86.Build.0 = Release|Win32
		{51DBDA76-3AF3-4253-A2CE-87725F83EF85}.Debug|x64.ActiveCfg = Debug|x64
		{51DBDA76-3AF3-4253-A2CE-87725F83EF85}.Debug|x64.Build.0 = Debug|x64
		{51DBDA76-3AF3-4253-A2CE-87725F83EF85}.Debug|x86.ActiveCfg = Debug|Win32
		{51DBDA76-3AF3-4253-A2CE-87725F83EF85}.Debug|x86.Build.0 = Debug|Win32
		{51DBDA76-3AF3-4253-A2CE-87725F83EF85}.Release|x64.ActiveCfg = Release|x64
		{51DBDA76-3AF3-4253-A2CE-87725F83EF85}.Release|x64.Build.0 = Release|x64
		{51DBDA76-3AF3-4253-A2CE-87725F83EF85}.Release|x86.ActiveCfg = Release|Win32
		{51DBDA76-3AF3-4253-A2CE-87725F83EF85}.Release|x86.Build.0 = Release|Win32
		{AE7FCD85-6018-485A-ACB6-1210839035B7}.Debug|x64.ActiveCfg = Debug|x64
		{AE7FCD85-6018-485A-ACB6-1210839035B7}.Debug|x64.Build.0 = Debug|x64
		{AE7FCD85-6018-485A-ACB6-1210839035B7}.Debug|x86.ActiveCfg = Debug|Win32
		{AE7FCD85-6018-485A-ACB6-1210839035B7}.Debug|x86.Build.0 = Debug|Win32
		{AE7FCD85-6018-485A-ACB6-1210839035B7}.Release|x64.ActiveCfg = Release|x64
		{AE7FCD85-6018-485A-ACB6-1210839035B7}.Release|x64.Build.0 = Release|x64
		{AE7FCD85-6018-485A-ACB6-1210839035B7}.Release|x86.ActiveCfg = Release|Win32
		{AE7FCD85-6018-485A-ACB6-1210839035B7}.Release|x86.Build.0 = Release|Win32
		{DC0C154E-B240-40D5-B2BE-E020DC936C71}.Debug|x64.ActiveCfg = Debug|x64
		{DC0C154E-B240-40D5-B2BE-E020DC936C71}.Debug|x64.Build.0 = Debug|x64
		{DC0C154E-B240-40D5-B2BE-E020DC936C71}.Debug|x86.ActiveCfg = Debug|Win32
		{DC0C154E-B240-40D5-B2BE-E020DC936C71}.Debug|x86.Build.0 = Debug|Win32
		{DC0C154E-B240-40D5-B2BE-E020DC936C71}.Release|x64.ActiveCfg = Release|x64
		{DC0C154E-B240-40D5-B2BE-E020DC936C71}.Release|x64.Build.0 = Release|x64
		{DC0C154E-B240-40D5-B2BE-E020DC936C71}.Release|x86.ActiveCfg = Release|Win32
		{DC0C154E-B240-40D5-B2BE-E020DC936C71}.Release|x86.Build.0 = Release|Win32
		{88A48556-13E5-4B32-A874-93936DC48116}.Debug|x64.ActiveCfg = Debug|x64
		{88A48556-13E5-4B32-A874-93936DC48116}.Debug|x64.Build.0 = Debug|x64
		{88A48556-13E5-4B32-A874-93936DC48116}.Debug|x86.ActiveCfg = Debug|Win32
		{88A48556-13E5-4B32-A874-93936DC48116}.Debug|x86.Build.0 = Debug|Win32
		{88A48556-13E5-4B32-A874-93936DC48116}.Release|x64.ActiveCfg = Release|x64
		{88A48556-13E5-4B32-A874-93936DC48116}.Release|x64.Build.0 = Release|x64
		{88A48556-13E5-4B32-A874-93936DC48116}.Release|x86.ActiveCfg = Release|Win32
		{88A48556-13E5-4B32-A874-93936DC48116}.Release|x86.Build.0 = Release|Win32
		{D2692680-A13D-47AF-9C3E-E010F9C40B2C}.Debug|x64.ActiveCfg = Debug|x64
		{D2692680-A13D-47AF-9C3E-E010F9C40B2C}.Debug|x64.Build.0 = Debug|x64
		{D2692680-A13D-47AF-9C3E-E010F9C40B2C}.Debug|x86.ActiveCfg = Debug|Win32
		{D2692680-A13D-47AF-9C3E-E010F9C40B2C}.Debug|x86.Build.0 = Debug|Win32
		{D2692680-A13D-47AF-9C3E-E010F9C40B2C}.Release|x64.ActiveCfg = Release|x64
		{D2692680-A13D-47AF-9C3E-E010F9C40B2C}.Release|x64.Build.0 = Release|x64
		{D2692680-A13D-47AF-9C3E-E010F9C40B2C}.Release|x86.ActiveCfg = Release|Win32
		{D2692680-A13D-47AF-9C3E-E010F9C40B2C}.Release|x86.Build.0 = Release|Win32
		{30645FB5-4B51-4F0C-B3F3-5A1804CA92A0}.Debug|x64.ActiveCfg = Debug|x64
		{30645FB5-4B51-4F0C-B3F3-5A1804CA92A0}.Debug|x64.Build.0 = Debug|x64
		{30645FB5-4B51-4F0C-B3F3-5A1804CA92A0}.Debug|x86.ActiveCfg = Debug|Win32
		{30645FB5-4B51-4F0C-B3F3-5A1804CA92A0}.Debug|x86.Build.0 = Debug|Win32
		{30645FB5-4B51-4F0C-B3F3-5A1804CA92A0}.Release|x64.ActiveCfg = Release|x64
		{30645FB5-4B51-4F0C-B3F3-5A1804CA92A0}.Release|x64.Build.0 = Release|x64
		{30645FB5-4B51-4F0C-B3F3-5A1804CA92A0}.Release|x86.ActiveCfg = Release|Win32
		{30645FB5-4B51-4F0C-B3F3-5A1804CA92A0}.Release|x86.Build.0 = Release|Win32
		{F97E4447-0909-420A-9565-6C15C4820134}.Debug|x64.ActiveCfg = Debug|x64
		{F97E4447-0909-420A-9565-6C15C4820134}.Debug|x64.Build.0 = Debug|x64
		{F97E4447-0909-420A-9565-6C15C4820134}.Debug|x86.ActiveCfg = Debug|Win32
		{F97E4447-0909-420A-9565-6C15C4820134}.Debug|x86.Build.0 = Debug|Win32
		{F97E4447-0909-420A-9565-6C15C4820134}.Release|x64.ActiveCfg = Release|x64
		{F97E4447-0909-420A-9565-6C15C4820134}.Release|x64.Build.0 = Release|x64
		{F97E4447-0909-420A-9565-6C15C4820134}.Release|x86.ActiveCfg = Release|Win32
		{F97E4447-0909-420A-9565-6C15C4820134}.Release|x86.Build.0 = Release|Win32
	EndGlobalSection
	GlobalSection(SolutionProperties) = preSolution
		HideSolutionNode = FALSE
	EndGlobalSection
	GlobalSection(ExtensibilityGlobals) = postSolution
		SolutionGuid = {CA76D60C-D7AA-42AE-9F0A-CE6E646F760F}
	EndGlobalSection
EndGlobal
